{
    "name": "p3",
    "version": "1.0.0",
    "lockfileVersion": 2,
    "requires": true,
    "packages": {
        "": {
            "name": "p3",
            "version": "1.0.0",
            "license": "ISC",
            "dependencies": {
                "@seregpie/k-means": "^2.0.1"
            }
        },
        "node_modules/@seregpie/k-means": {
            "version": "2.0.1",
            "resolved": "https://registry.npmjs.org/@seregpie/k-means/-/k-means-2.0.1.tgz",
            "integrity": "sha512-z9id//g+2zgZdnw9iDlDyTV1eL58srrdyslRIUzx4FVy0YU125hGcgy/2/NYO5rU/xVFzH303oCKwrquQ7RW4Q==",
            "dependencies": {
                "@seregpie/vector-math": "^1.5.0",
                "just-my-luck": "^3.0.0"
            }
        },
        "node_modules/@seregpie/vector-math": {
            "version": "1.8.0",
            "resolved": "https://registry.npmjs.org/@seregpie/vector-math/-/vector-math-1.8.0.tgz",
            "integrity": "sha512-flRjp6PUhvJbTU+G7MFG964uYfqMpg9zk2IcAQTzRBXj2ypVyqY8DHjzl/9sD/wdGEIgeXdktE11QDXDRRc9pg=="
        },
        "node_modules/just-my-luck": {
            "version": "3.0.0",
            "resolved": "https://registry.npmjs.org/just-my-luck/-/just-my-luck-3.0.0.tgz",
            "integrity": "sha512-8uuZI//v2GAnSzZqcQhg4dWuFqR7DWV6hN0L9m7j3oNq24CHMI761PliccYWx7mbxjE3G2c7wTrubn3NbmvTQg=="
        }
    },
    "dependencies": {
        "@seregpie/k-means": {
            "version": "2.0.1",
            "resolved": "https://registry.npmjs.org/@seregpie/k-means/-/k-means-2.0.1.tgz",
            "integrity": "sha512-z9id//g+2zgZdnw9iDlDyTV1eL58srrdyslRIUzx4FVy0YU125hGcgy/2/NYO5rU/xVFzH303oCKwrquQ7RW4Q==",
            "requires": {
                "@seregpie/vector-math": "^1.5.0",
                "just-my-luck": "^3.0.0"
            }
        },
        "@seregpie/vector-math": {
            "version": "1.8.0",
            "resolved": "https://registry.npmjs.org/@seregpie/vector-math/-/vector-math-1.8.0.tgz",
            "integrity": "sha512-flRjp6PUhvJbTU+G7MFG964uYfqMpg9zk2IcAQTzRBXj2ypVyqY8DHjzl/9sD/wdGEIgeXdktE11QDXDRRc9pg=="
        },
        "just-my-luck": {
            "version": "3.0.0",
            "resolved": "https://registry.npmjs.org/just-my-luck/-/just-my-luck-3.0.0.tgz",
            "integrity": "sha512-8uuZI//v2GAnSzZqcQhg4dWuFqR7DWV6hN0L9m7j3oNq24CHMI761PliccYWx7mbxjE3G2c7wTrubn3NbmvTQg=="
        }
    }
}
